
Microsoft Visual Studio Solution File, Format Version 12.00
# Visual Studio Version 17
VisualStudioVersion = 17.8.34511.84
MinimumVisualStudioVersion = 10.0.40219.1
Project("{FAE04EC0-301F-11D3-BF4B-00C04F79EFBC}") = "PasswordHashing", "PasswordHashing\PasswordHashing.csproj", "{1F7889B0-A250-4493-B090-9B14084D0250}"
EndProject
Project("{FAE04EC0-301F-11D3-BF4B-00C04F79EFBC}") = "PasswordHasher", "PasswordHasher\PasswordHasher.csproj", "{4A9EF409-C25B-4723-BDC0-DDFF0CE3B163}"
EndProject
Global
	GlobalSection(SolutionConfigurationPlatforms) = preSolution
		Debug|Any CPU = Debug|Any CPU
		Release|Any CPU = Release|Any CPU
	EndGlobalSection
	GlobalSection(ProjectConfigurationPlatforms) = postSolution
		{1F7889B0-A250-4493-B090-9B14084D0250}.Debug|Any CPU.ActiveCfg = Debug|Any CPU
		{1F7889B0-A250-4493-B090-9B14084D0250}.Debug|Any CPU.Build.0 = Debug|Any CPU
		{1F7889B0-A250-4493-B090-9B14084D0250}.Release|Any CPU.ActiveCfg = Release|Any CPU
		{1F7889B0-A250-4493-B090-9B14084D0250}.Release|Any CPU.Build.0 = Release|Any CPU
		{4A9EF409-C25B-4723-BDC0-DDFF0CE3B163}.Debug|Any CPU.ActiveCfg = Debug|Any CPU
		{4A9EF409-C25B-4723-BDC0-DDFF0CE3B163}.Debug|Any CPU.Build.0 = Debug|Any CPU
		{4A9EF409-C25B-4723-BDC0-DDFF0CE3B163}.Release|Any CPU.ActiveCfg = Release|Any CPU
		{4A9EF409-C25B-4723-BDC0-DDFF0CE3B163}.Release|Any CPU.Build.0 = Release|Any CPU
	EndGlobalSection
	GlobalSection(SolutionProperties) = preSolution
		HideSolutionNode = FALSE
	EndGlobalSection
	GlobalSection(ExtensibilityGlobals) = postSolution
		SolutionGuid = {9C19BE31-AFA8-49E8-9AAE-7E7F2A5125E8}
	EndGlobalSection
EndGlobal
